[0m[1mInitializing the backend...[0m
[0m[1mInitializing provider plugins...[0m
- Reusing previous version of hashicorp/google from the dependency lock file
- Using previously-installed hashicorp/google v5.45.2

[0m[1m[32mTerraform has been successfully initialized![0m[32m[0m
[0m[32m
You may now begin working with Terraform. Try running "terraform plan" to see
any changes that are required for your infrastructure. All Terraform commands
should now work.

If you ever set or change modules or backend configuration for Terraform,
rerun this command to reinitialize your working directory. If you forget, other
commands will detect it and remind you to do so if necessary.[0m
[0m[1mgoogle_storage_bucket.data_lake: Refreshing state... [id=heart-attack-dataset-data-lake][0m
[0m[1mgoogle_bigquery_dataset.heart_attack_dataset: Refreshing state... [id=projects/heart-attack-dataset/datasets/heart_attack_dataset][0m
[0m[1mgoogle_bigquery_table.heart_attack_table: Refreshing state... [id=projects/heart-attack-dataset/datasets/heart_attack_dataset/tables/heart_attack_data][0m

Terraform used the selected providers to generate the following execution
plan. Resource actions are indicated with the following symbols:
  [31m-[0m destroy[0m

Terraform will perform the following actions:

[1m  # google_bigquery_dataset.heart_attack_dataset[0m will be [1m[31mdestroyed[0m
[0m  [31m-[0m[0m resource "google_bigquery_dataset" "heart_attack_dataset" {
      [31m-[0m[0m creation_time                   = 1742645953529 [90m-> null[0m[0m
      [31m-[0m[0m dataset_id                      = "heart_attack_dataset" [90m-> null[0m[0m
      [31m-[0m[0m default_partition_expiration_ms = 0 [90m-> null[0m[0m
      [31m-[0m[0m default_table_expiration_ms     = 0 [90m-> null[0m[0m
      [31m-[0m[0m delete_contents_on_destroy      = true [90m-> null[0m[0m
      [31m-[0m[0m effective_labels                = {} [90m-> null[0m[0m
      [31m-[0m[0m etag                            = "gU2XPneOeoh5jbcuMKiChg==" [90m-> null[0m[0m
      [31m-[0m[0m id                              = "projects/heart-attack-dataset/datasets/heart_attack_dataset" [90m-> null[0m[0m
      [31m-[0m[0m is_case_insensitive             = false [90m-> null[0m[0m
      [31m-[0m[0m labels                          = {} [90m-> null[0m[0m
      [31m-[0m[0m last_modified_time              = 1742645953529 [90m-> null[0m[0m
      [31m-[0m[0m location                        = "us-central1" [90m-> null[0m[0m
      [31m-[0m[0m max_time_travel_hours           = "168" [90m-> null[0m[0m
      [31m-[0m[0m project                         = "heart-attack-dataset" [90m-> null[0m[0m
      [31m-[0m[0m resource_tags                   = {} [90m-> null[0m[0m
      [31m-[0m[0m self_link                       = "https://bigquery.googleapis.com/bigquery/v2/projects/heart-attack-dataset/datasets/heart_attack_dataset" [90m-> null[0m[0m
      [31m-[0m[0m terraform_labels                = {} [90m-> null[0m[0m
        [90m# (4 unchanged attributes hidden)[0m[0m

      [31m-[0m[0m access {
          [31m-[0m[0m role           = "OWNER" [90m-> null[0m[0m
          [31m-[0m[0m user_by_email  = "josh19peter1996@gmail.com" [90m-> null[0m[0m
            [90m# (4 unchanged attributes hidden)[0m[0m
        }
      [31m-[0m[0m access {
          [31m-[0m[0m role           = "OWNER" [90m-> null[0m[0m
          [31m-[0m[0m special_group  = "projectOwners" [90m-> null[0m[0m
            [90m# (4 unchanged attributes hidden)[0m[0m
        }
      [31m-[0m[0m access {
          [31m-[0m[0m role           = "READER" [90m-> null[0m[0m
          [31m-[0m[0m special_group  = "projectReaders" [90m-> null[0m[0m
            [90m# (4 unchanged attributes hidden)[0m[0m
        }
      [31m-[0m[0m access {
          [31m-[0m[0m role           = "WRITER" [90m-> null[0m[0m
          [31m-[0m[0m special_group  = "projectWriters" [90m-> null[0m[0m
            [90m# (4 unchanged attributes hidden)[0m[0m
        }
    }

[1m  # google_bigquery_table.heart_attack_table[0m will be [1m[31mdestroyed[0m
[0m  [31m-[0m[0m resource "google_bigquery_table" "heart_attack_table" {
      [31m-[0m[0m allow_resource_tags_on_deletion = false [90m-> null[0m[0m
      [31m-[0m[0m creation_time                   = 1742645954807 [90m-> null[0m[0m
      [31m-[0m[0m dataset_id                      = "heart_attack_dataset" [90m-> null[0m[0m
      [31m-[0m[0m deletion_protection             = true [90m-> null[0m[0m
      [31m-[0m[0m effective_labels                = {} [90m-> null[0m[0m
      [31m-[0m[0m etag                            = "rhjenjfwh23IKYh832z4Ug==" [90m-> null[0m[0m
      [31m-[0m[0m expiration_time                 = 0 [90m-> null[0m[0m
      [31m-[0m[0m id                              = "projects/heart-attack-dataset/datasets/heart_attack_dataset/tables/heart_attack_data" [90m-> null[0m[0m
      [31m-[0m[0m labels                          = {} [90m-> null[0m[0m
      [31m-[0m[0m last_modified_time              = 1742725821377 [90m-> null[0m[0m
      [31m-[0m[0m location                        = "us-central1" [90m-> null[0m[0m
      [31m-[0m[0m num_bytes                       = 34871896 [90m-> null[0m[0m
      [31m-[0m[0m num_long_term_bytes             = 0 [90m-> null[0m[0m
      [31m-[0m[0m num_rows                        = 158355 [90m-> null[0m[0m
      [31m-[0m[0m project                         = "heart-attack-dataset" [90m-> null[0m[0m
      [31m-[0m[0m require_partition_filter        = false [90m-> null[0m[0m
      [31m-[0m[0m resource_tags                   = {} [90m-> null[0m[0m
      [31m-[0m[0m schema                          = jsonencode(
            [
              [31m-[0m[0m {
                  [31m-[0m[0m mode = "NULLABLE"
                  [31m-[0m[0m name = "age"
                  [31m-[0m[0m type = "INTEGER"
                },
              [31m-[0m[0m {
                  [31m-[0m[0m mode = "NULLABLE"
                  [31m-[0m[0m name = "gender"
                  [31m-[0m[0m type = "STRING"
                },
              [31m-[0m[0m {
                  [31m-[0m[0m mode = "NULLABLE"
                  [31m-[0m[0m name = "region"
                  [31m-[0m[0m type = "STRING"
                },
              [31m-[0m[0m {
                  [31m-[0m[0m mode = "NULLABLE"
                  [31m-[0m[0m name = "income_level"
                  [31m-[0m[0m type = "STRING"
                },
              [31m-[0m[0m {
                  [31m-[0m[0m mode = "NULLABLE"
                  [31m-[0m[0m name = "hypertension"
                  [31m-[0m[0m type = "INTEGER"
                },
              [31m-[0m[0m {
                  [31m-[0m[0m mode = "NULLABLE"
                  [31m-[0m[0m name = "diabetes"
                  [31m-[0m[0m type = "INTEGER"
                },
              [31m-[0m[0m {
                  [31m-[0m[0m mode = "NULLABLE"
                  [31m-[0m[0m name = "cholesterol_level"
                  [31m-[0m[0m type = "INTEGER"
                },
              [31m-[0m[0m {
                  [31m-[0m[0m mode = "NULLABLE"
                  [31m-[0m[0m name = "obesity"
                  [31m-[0m[0m type = "INTEGER"
                },
              [31m-[0m[0m {
                  [31m-[0m[0m mode = "NULLABLE"
                  [31m-[0m[0m name = "waist_circumference"
                  [31m-[0m[0m type = "INTEGER"
                },
              [31m-[0m[0m {
                  [31m-[0m[0m mode = "NULLABLE"
                  [31m-[0m[0m name = "family_history"
                  [31m-[0m[0m type = "INTEGER"
                },
              [31m-[0m[0m {
                  [31m-[0m[0m mode = "NULLABLE"
                  [31m-[0m[0m name = "smoking_status"
                  [31m-[0m[0m type = "STRING"
                },
              [31m-[0m[0m {
                  [31m-[0m[0m mode = "NULLABLE"
                  [31m-[0m[0m name = "alcohol_consumption"
                  [31m-[0m[0m type = "STRING"
                },
              [31m-[0m[0m {
                  [31m-[0m[0m mode = "NULLABLE"
                  [31m-[0m[0m name = "physical_activity"
                  [31m-[0m[0m type = "STRING"
                },
              [31m-[0m[0m {
                  [31m-[0m[0m mode = "NULLABLE"
                  [31m-[0m[0m name = "dietary_habits"
                  [31m-[0m[0m type = "STRING"
                },
              [31m-[0m[0m {
                  [31m-[0m[0m mode = "NULLABLE"
                  [31m-[0m[0m name = "air_pollution_exposure"
                  [31m-[0m[0m type = "STRING"
                },
              [31m-[0m[0m {
                  [31m-[0m[0m mode = "NULLABLE"
                  [31m-[0m[0m name = "stress_level"
                  [31m-[0m[0m type = "STRING"
                },
              [31m-[0m[0m {
                  [31m-[0m[0m mode = "NULLABLE"
                  [31m-[0m[0m name = "sleep_hours"
                  [31m-[0m[0m type = "FLOAT"
                },
              [31m-[0m[0m {
                  [31m-[0m[0m mode = "NULLABLE"
                  [31m-[0m[0m name = "blood_pressure_systolic"
                  [31m-[0m[0m type = "INTEGER"
                },
              [31m-[0m[0m {
                  [31m-[0m[0m mode = "NULLABLE"
                  [31m-[0m[0m name = "blood_pressure_diastolic"
                  [31m-[0m[0m type = "INTEGER"
                },
              [31m-[0m[0m {
                  [31m-[0m[0m mode = "NULLABLE"
                  [31m-[0m[0m name = "fasting_blood_sugar"
                  [31m-[0m[0m type = "INTEGER"
                },
              [31m-[0m[0m {
                  [31m-[0m[0m mode = "NULLABLE"
                  [31m-[0m[0m name = "cholesterol_hdl"
                  [31m-[0m[0m type = "INTEGER"
                },
              [31m-[0m[0m {
                  [31m-[0m[0m mode = "NULLABLE"
                  [31m-[0m[0m name = "cholesterol_ldl"
                  [31m-[0m[0m type = "INTEGER"
                },
              [31m-[0m[0m {
                  [31m-[0m[0m mode = "NULLABLE"
                  [31m-[0m[0m name = "triglycerides"
                  [31m-[0m[0m type = "INTEGER"
                },
              [31m-[0m[0m {
                  [31m-[0m[0m mode = "NULLABLE"
                  [31m-[0m[0m name = "EKG_results"
                  [31m-[0m[0m type = "STRING"
                },
              [31m-[0m[0m {
                  [31m-[0m[0m mode = "NULLABLE"
                  [31m-[0m[0m name = "previous_heart_disease"
                  [31m-[0m[0m type = "INTEGER"
                },
              [31m-[0m[0m {
                  [31m-[0m[0m mode = "NULLABLE"
                  [31m-[0m[0m name = "medication_usage"
                  [31m-[0m[0m type = "INTEGER"
                },
              [31m-[0m[0m {
                  [31m-[0m[0m mode = "NULLABLE"
                  [31m-[0m[0m name = "participated_in_free_screening"
                  [31m-[0m[0m type = "INTEGER"
                },
              [31m-[0m[0m {
                  [31m-[0m[0m mode = "NULLABLE"
                  [31m-[0m[0m name = "heart_attack"
                  [31m-[0m[0m type = "INTEGER"
                },
            ]
        ) [90m-> null[0m[0m
      [31m-[0m[0m self_link                       = "https://bigquery.googleapis.com/bigquery/v2/projects/heart-attack-dataset/datasets/heart_attack_dataset/tables/heart_attack_data" [90m-> null[0m[0m
      [31m-[0m[0m table_id                        = "heart_attack_data" [90m-> null[0m[0m
      [31m-[0m[0m terraform_labels                = {} [90m-> null[0m[0m
      [31m-[0m[0m type                            = "TABLE" [90m-> null[0m[0m
        [90m# (3 unchanged attributes hidden)[0m[0m
    }

[1m  # google_storage_bucket.data_lake[0m will be [1m[31mdestroyed[0m
[0m  [31m-[0m[0m resource "google_storage_bucket" "data_lake" {
      [31m-[0m[0m default_event_based_hold    = false [90m-> null[0m[0m
      [31m-[0m[0m effective_labels            = {} [90m-> null[0m[0m
      [31m-[0m[0m enable_object_retention     = false [90m-> null[0m[0m
      [31m-[0m[0m force_destroy               = true [90m-> null[0m[0m
      [31m-[0m[0m id                          = "heart-attack-dataset-data-lake" [90m-> null[0m[0m
      [31m-[0m[0m labels                      = {} [90m-> null[0m[0m
      [31m-[0m[0m location                    = "US-CENTRAL1" [90m-> null[0m[0m
      [31m-[0m[0m name                        = "heart-attack-dataset-data-lake" [90m-> null[0m[0m
      [31m-[0m[0m project                     = "heart-attack-dataset" [90m-> null[0m[0m
      [31m-[0m[0m project_number              = 144847146585 [90m-> null[0m[0m
      [31m-[0m[0m public_access_prevention    = "inherited" [90m-> null[0m[0m
      [31m-[0m[0m requester_pays              = false [90m-> null[0m[0m
      [31m-[0m[0m self_link                   = "https://www.googleapis.com/storage/v1/b/heart-attack-dataset-data-lake" [90m-> null[0m[0m
      [31m-[0m[0m storage_class               = "STANDARD" [90m-> null[0m[0m
      [31m-[0m[0m terraform_labels            = {} [90m-> null[0m[0m
      [31m-[0m[0m uniform_bucket_level_access = false [90m-> null[0m[0m
      [31m-[0m[0m url                         = "gs://heart-attack-dataset-data-lake" [90m-> null[0m[0m

      [31m-[0m[0m soft_delete_policy {
          [31m-[0m[0m effective_time             = "2025-03-22T12:19:13.657Z" [90m-> null[0m[0m
          [31m-[0m[0m retention_duration_seconds = 604800 [90m-> null[0m[0m
        }

      [31m-[0m[0m versioning {
          [31m-[0m[0m enabled = true [90m-> null[0m[0m
        }
    }

[1mPlan:[0m 0 to add, 0 to change, 3 to destroy.
[0m[0m[1mgoogle_storage_bucket.data_lake: Destroying... [id=heart-attack-dataset-data-lake][0m[0m
[0m[1mgoogle_bigquery_table.heart_attack_table: Destroying... [id=projects/heart-attack-dataset/datasets/heart_attack_dataset/tables/heart_attack_data][0m[0m
[0m[1mgoogle_storage_bucket.data_lake: Destruction complete after 4s[0m
[0m[1mgoogle_bigquery_dataset.heart_attack_dataset: Refreshing state... [id=projects/heart-attack-dataset/datasets/heart_attack_dataset][0m
[0m[1mgoogle_bigquery_table.heart_attack_table: Refreshing state... [id=projects/heart-attack-dataset/datasets/heart_attack_dataset/tables/heart_attack_data][0m

Terraform used the selected providers to generate the following execution
plan. Resource actions are indicated with the following symbols:
  [32m+[0m create[0m

Terraform will perform the following actions:

[1m  # google_storage_bucket.data_lake[0m will be created
[0m  [32m+[0m[0m resource "google_storage_bucket" "data_lake" {
      [32m+[0m[0m effective_labels            = (known after apply)
      [32m+[0m[0m force_destroy               = true
      [32m+[0m[0m id                          = (known after apply)
      [32m+[0m[0m location                    = "US-CENTRAL1"
      [32m+[0m[0m name                        = "heart-attack-dataset-data-lake"
      [32m+[0m[0m project                     = (known after apply)
      [32m+[0m[0m project_number              = (known after apply)
      [32m+[0m[0m public_access_prevention    = (known after apply)
      [32m+[0m[0m rpo                         = (known after apply)
      [32m+[0m[0m self_link                   = (known after apply)
      [32m+[0m[0m storage_class               = "STANDARD"
      [32m+[0m[0m terraform_labels            = (known after apply)
      [32m+[0m[0m uniform_bucket_level_access = (known after apply)
      [32m+[0m[0m url                         = (known after apply)

      [32m+[0m[0m soft_delete_policy (known after apply)

      [32m+[0m[0m versioning {
          [32m+[0m[0m enabled = true
        }

      [32m+[0m[0m website (known after apply)
    }

[1mPlan:[0m 1 to add, 0 to change, 0 to destroy.
[0m[0m[1mgoogle_storage_bucket.data_lake: Creating...[0m[0m
[0m[1mgoogle_storage_bucket.data_lake: Creation complete after 3s [id=heart-attack-dataset-data-lake][0m
[0m[1m[32m
Apply complete! Resources: 1 added, 0 changed, 0 destroyed.
[0m